// !$*UTF8*$!
{
	archiveVersion = 1;
	classes = {
	};
	objectVersion = 50;
	objects = {

/* Begin PBXBuildFile section */
		AC487F8523F3C01D00450085 /* Utils.swift in Sources */ = {isa = PBXBuildFile; fileRef = AC487F7F23F3C01D00450085 /* Utils.swift */; };
		AC487F8823F3C01D00450085 /* ContentViewModel.swift in Sources */ = {isa = PBXBuildFile; fileRef = AC487F8223F3C01D00450085 /* ContentViewModel.swift */; };
		AC4CDFE62423606900B77F6B /* SharedModule.framework in Frameworks */ = {isa = PBXBuildFile; fileRef = AC4CDFE42423606000B77F6B /* SharedModule.framework */; settings = {ATTRIBUTES = (Required, ); }; };
		AC4CDFE72423606900B77F6B /* SharedModule.framework in Embed Frameworks */ = {isa = PBXBuildFile; fileRef = AC4CDFE42423606000B77F6B /* SharedModule.framework */; settings = {ATTRIBUTES = (CodeSignOnCopy, RemoveHeadersOnCopy, ); }; };
		AC53040223F304B700246389 /* AppDelegate.swift in Sources */ = {isa = PBXBuildFile; fileRef = AC53040123F304B700246389 /* AppDelegate.swift */; };
		AC53040423F304B700246389 /* SceneDelegate.swift in Sources */ = {isa = PBXBuildFile; fileRef = AC53040323F304B700246389 /* SceneDelegate.swift */; };
		AC53040623F304B700246389 /* ContentView.swift in Sources */ = {isa = PBXBuildFile; fileRef = AC53040523F304B700246389 /* ContentView.swift */; };
		AC53040823F304C200246389 /* Assets.xcassets in Resources */ = {isa = PBXBuildFile; fileRef = AC53040723F304C200246389 /* Assets.xcassets */; };
		AC53040B23F304C200246389 /* Preview Assets.xcassets in Resources */ = {isa = PBXBuildFile; fileRef = AC53040A23F304C200246389 /* Preview Assets.xcassets */; };
		AC53040E23F304C200246389 /* LaunchScreen.storyboard in Resources */ = {isa = PBXBuildFile; fileRef = AC53040C23F304C200246389 /* LaunchScreen.storyboard */; };
		AC53041923F304C300246389 /* ExchangeMyMoneyTests.swift in Sources */ = {isa = PBXBuildFile; fileRef = AC53041823F304C300246389 /* ExchangeMyMoneyTests.swift */; };
		AC53042423F304C300246389 /* ExchangeMyMoneyUITests.swift in Sources */ = {isa = PBXBuildFile; fileRef = AC53042323F304C300246389 /* ExchangeMyMoneyUITests.swift */; };
/* End PBXBuildFile section */

/* Begin PBXContainerItemProxy section */
		AC53041523F304C300246389 /* PBXContainerItemProxy */ = {
			isa = PBXContainerItemProxy;
			containerPortal = AC5303F623F304B600246389 /* Project object */;
			proxyType = 1;
			remoteGlobalIDString = AC5303FD23F304B700246389;
			remoteInfo = ExchangeMyMoney;
		};
		AC53042023F304C300246389 /* PBXContainerItemProxy */ = {
			isa = PBXContainerItemProxy;
			containerPortal = AC5303F623F304B600246389 /* Project object */;
			proxyType = 1;
			remoteGlobalIDString = AC5303FD23F304B700246389;
			remoteInfo = ExchangeMyMoney;
		};
/* End PBXContainerItemProxy section */

/* Begin PBXCopyFilesBuildPhase section */
		AC4F3D3C2418B0CE00782E28 /* Embed Frameworks */ = {
			isa = PBXCopyFilesBuildPhase;
			buildActionMask = 2147483647;
			dstPath = "";
			dstSubfolderSpec = 10;
			files = (
				AC4CDFE72423606900B77F6B /* SharedModule.framework in Embed Frameworks */,
			);
			name = "Embed Frameworks";
			runOnlyForDeploymentPostprocessing = 0;
		};
/* End PBXCopyFilesBuildPhase section */

/* Begin PBXFileReference section */
		AC487F7F23F3C01D00450085 /* Utils.swift */ = {isa = PBXFileReference; fileEncoding = 4; lastKnownFileType = sourcecode.swift; path = Utils.swift; sourceTree = "<group>"; };
		AC487F8223F3C01D00450085 /* ContentViewModel.swift */ = {isa = PBXFileReference; fileEncoding = 4; lastKnownFileType = sourcecode.swift; path = ContentViewModel.swift; sourceTree = "<group>"; };
		AC4CDFE42423606000B77F6B /* SharedModule.framework */ = {isa = PBXFileReference; lastKnownFileType = wrapper.framework; name = SharedModule.framework; path = "../../SharedModule/build/xcode-frameworks/SharedModule.framework"; sourceTree = "<group>"; };
		AC5303FE23F304B700246389 /* ExchangeMyMoney.app */ = {isa = PBXFileReference; explicitFileType = wrapper.application; includeInIndex = 0; path = ExchangeMyMoney.app; sourceTree = BUILT_PRODUCTS_DIR; };
		AC53040123F304B700246389 /* AppDelegate.swift */ = {isa = PBXFileReference; lastKnownFileType = sourcecode.swift; path = AppDelegate.swift; sourceTree = "<group>"; };
		AC53040323F304B700246389 /* SceneDelegate.swift */ = {isa = PBXFileReference; lastKnownFileType = sourcecode.swift; path = SceneDelegate.swift; sourceTree = "<group>"; };
		AC53040523F304B700246389 /* ContentView.swift */ = {isa = PBXFileReference; lastKnownFileType = sourcecode.swift; path = ContentView.swift; sourceTree = "<group>"; };
		AC53040723F304C200246389 /* Assets.xcassets */ = {isa = PBXFileReference; lastKnownFileType = folder.assetcatalog; path = Assets.xcassets; sourceTree = "<group>"; };
		AC53040A23F304C200246389 /* Preview Assets.xcassets */ = {isa = PBXFileReference; lastKnownFileType = folder.assetcatalog; path = "Preview Assets.xcassets"; sourceTree = "<group>"; };
		AC53040D23F304C200246389 /* Base */ = {isa = PBXFileReference; lastKnownFileType = file.storyboard; name = Base; path = Base.lproj/LaunchScreen.storyboard; sourceTree = "<group>"; };
		AC53040F23F304C200246389 /* Info.plist */ = {isa = PBXFileReference; lastKnownFileType = text.plist.xml; path = Info.plist; sourceTree = "<group>"; };
		AC53041423F304C300246389 /* ExchangeMyMoneyTests.xctest */ = {isa = PBXFileReference; explicitFileType = wrapper.cfbundle; includeInIndex = 0; path = ExchangeMyMoneyTests.xctest; sourceTree = BUILT_PRODUCTS_DIR; };
		AC53041823F304C300246389 /* ExchangeMyMoneyTests.swift */ = {isa = PBXFileReference; lastKnownFileType = sourcecode.swift; path = ExchangeMyMoneyTests.swift; sourceTree = "<group>"; };
		AC53041A23F304C300246389 /* Info.plist */ = {isa = PBXFileReference; lastKnownFileType = text.plist.xml; path = Info.plist; sourceTree = "<group>"; };
		AC53041F23F304C300246389 /* ExchangeMyMoneyUITests.xctest */ = {isa = PBXFileReference; explicitFileType = wrapper.cfbundle; includeInIndex = 0; path = ExchangeMyMoneyUITests.xctest; sourceTree = BUILT_PRODUCTS_DIR; };
		AC53042323F304C300246389 /* ExchangeMyMoneyUITests.swift */ = {isa = PBXFileReference; lastKnownFileType = sourcecode.swift; path = ExchangeMyMoneyUITests.swift; sourceTree = "<group>"; };
		AC53042523F304C300246389 /* Info.plist */ = {isa = PBXFileReference; lastKnownFileType = text.plist.xml; path = Info.plist; sourceTree = "<group>"; };
/* End PBXFileReference section */

/* Begin PBXFrameworksBuildPhase section */
		AC5303FB23F304B700246389 /* Frameworks */ = {
			isa = PBXFrameworksBuildPhase;
			buildActionMask = 2147483647;
			files = (
				AC4CDFE62423606900B77F6B /* SharedModule.framework in Frameworks */,
			);
			runOnlyForDeploymentPostprocessing = 0;
		};
		AC53041123F304C300246389 /* Frameworks */ = {
			isa = PBXFrameworksBuildPhase;
			buildActionMask = 2147483647;
			files = (
			);
			runOnlyForDeploymentPostprocessing = 0;
		};
		AC53041C23F304C300246389 /* Frameworks */ = {
			isa = PBXFrameworksBuildPhase;
			buildActionMask = 2147483647;
			files = (
			);
			runOnlyForDeploymentPostprocessing = 0;
		};
/* End PBXFrameworksBuildPhase section */

/* Begin PBXGroup section */
		AC5303F523F304B600246389 = {
			isa = PBXGroup;
			children = (
				AC4CDFE42423606000B77F6B /* SharedModule.framework */,
				AC53040023F304B700246389 /* ExchangeMyMoney */,
				AC53041723F304C300246389 /* ExchangeMyMoneyTests */,
				AC53042223F304C300246389 /* ExchangeMyMoneyUITests */,
				AC5303FF23F304B700246389 /* Products */,
			);
			sourceTree = "<group>";
		};
		AC5303FF23F304B700246389 /* Products */ = {
			isa = PBXGroup;
			children = (
				AC5303FE23F304B700246389 /* ExchangeMyMoney.app */,
				AC53041423F304C300246389 /* ExchangeMyMoneyTests.xctest */,
				AC53041F23F304C300246389 /* ExchangeMyMoneyUITests.xctest */,
			);
			name = Products;
			sourceTree = "<group>";
		};
		AC53040023F304B700246389 /* ExchangeMyMoney */ = {
			isa = PBXGroup;
			children = (
				AC53040123F304B700246389 /* AppDelegate.swift */,
				AC53040323F304B700246389 /* SceneDelegate.swift */,
				AC53040523F304B700246389 /* ContentView.swift */,
				AC487F8223F3C01D00450085 /* ContentViewModel.swift */,
				AC487F7F23F3C01D00450085 /* Utils.swift */,
				AC53040723F304C200246389 /* Assets.xcassets */,
				AC53040C23F304C200246389 /* LaunchScreen.storyboard */,
				AC53040F23F304C200246389 /* Info.plist */,
				AC53040923F304C200246389 /* Preview Content */,
			);
			path = ExchangeMyMoney;
			sourceTree = "<group>";
		};
		AC53040923F304C200246389 /* Preview Content */ = {
			isa = PBXGroup;
			children = (
				AC53040A23F304C200246389 /* Preview Assets.xcassets */,
			);
			path = "Preview Content";
			sourceTree = "<group>";
		};
		AC53041723F304C300246389 /* ExchangeMyMoneyTests */ = {
			isa = PBXGroup;
			children = (
				AC53041823F304C300246389 /* ExchangeMyMoneyTests.swift */,
				AC53041A23F304C300246389 /* Info.plist */,
			);
			path = ExchangeMyMoneyTests;
			sourceTree = "<group>";
		};
		AC53042223F304C300246389 /* ExchangeMyMoneyUITests */ = {
			isa = PBXGroup;
			children = (
				AC53042323F304C300246389 /* ExchangeMyMoneyUITests.swift */,
				AC53042523F304C300246389 /* Info.plist */,
			);
			path = ExchangeMyMoneyUITests;
			sourceTree = "<group>";
		};
/* End PBXGroup section */

/* Begin PBXNativeTarget section */
		AC5303FD23F304B700246389 /* ExchangeMyMoney */ = {
			isa = PBXNativeTarget;
			buildConfigurationList = AC53042823F304C300246389 /* Build configuration list for PBXNativeTarget "ExchangeMyMoney" */;
			buildPhases = (
				AC5303FA23F304B700246389 /* Sources */,
				AC5303FB23F304B700246389 /* Frameworks */,
				AC5303FC23F304B700246389 /* Resources */,
				AC4F3D3C2418B0CE00782E28 /* Embed Frameworks */,
				AC4CDFE82423623E00B77F6B /* ShellScript */,
			);
			buildRules = (
			);
			dependencies = (
			);
			name = ExchangeMyMoney;
			productName = ExchangeMyMoney;
			productReference = AC5303FE23F304B700246389 /* ExchangeMyMoney.app */;
			productType = "com.apple.product-type.application";
		};
		AC53041323F304C300246389 /* ExchangeMyMoneyTests */ = {
			isa = PBXNativeTarget;
			buildConfigurationList = AC53042B23F304C300246389 /* Build configuration list for PBXNativeTarget "ExchangeMyMoneyTests" */;
			buildPhases = (
				AC53041023F304C300246389 /* Sources */,
				AC53041123F304C300246389 /* Frameworks */,
				AC53041223F304C300246389 /* Resources */,
			);
			buildRules = (
			);
			dependencies = (
				AC53041623F304C300246389 /* PBXTargetDependency */,
			);
			name = ExchangeMyMoneyTests;
			productName = ExchangeMyMoneyTests;
			productReference = AC53041423F304C300246389 /* ExchangeMyMoneyTests.xctest */;
			productType = "com.apple.product-type.bundle.unit-test";
		};
		AC53041E23F304C300246389 /* ExchangeMyMoneyUITests */ = {
			isa = PBXNativeTarget;
			buildConfigurationList = AC53042E23F304C300246389 /* Build configuration list for PBXNativeTarget "ExchangeMyMoneyUITests" */;
			buildPhases = (
				AC53041B23F304C300246389 /* Sources */,
				AC53041C23F304C300246389 /* Frameworks */,
				AC53041D23F304C300246389 /* Resources */,
			);
			buildRules = (
			);
			dependencies = (
				AC53042123F304C300246389 /* PBXTargetDependency */,
			);
			name = ExchangeMyMoneyUITests;
			productName = ExchangeMyMoneyUITests;
			productReference = AC53041F23F304C300246389 /* ExchangeMyMoneyUITests.xctest */;
			productType = "com.apple.product-type.bundle.ui-testing";
		};
/* End PBXNativeTarget section */

/* Begin PBXProject section */
		AC5303F623F304B600246389 /* Project object */ = {
			isa = PBXProject;
			attributes = {
				LastSwiftUpdateCheck = 1130;
				LastUpgradeCheck = 1130;
				ORGANIZATIONNAME = "Arie Peretz";
				TargetAttributes = {
					AC5303FD23F304B700246389 = {
						CreatedOnToolsVersion = 11.3;
					};
					AC53041323F304C300246389 = {
						CreatedOnToolsVersion = 11.3;
						TestTargetID = AC5303FD23F304B700246389;
					};
					AC53041E23F304C300246389 = {
						CreatedOnToolsVersion = 11.3;
						TestTargetID = AC5303FD23F304B700246389;
					};
				};
			};
			buildConfigurationList = AC5303F923F304B700246389 /* Build configuration list for PBXProject "ExchangeMyMoney" */;
			compatibilityVersion = "Xcode 9.3";
			developmentRegion = en;
			hasScannedForEncodings = 0;
			knownRegions = (
				en,
				Base,
			);
			mainGroup = AC5303F523F304B600246389;
			productRefGroup = AC5303FF23F304B700246389 /* Products */;
			projectDirPath = "";
			projectRoot = "";
			targets = (
				AC5303FD23F304B700246389 /* ExchangeMyMoney */,
				AC53041323F304C300246389 /* ExchangeMyMoneyTests */,
				AC53041E23F304C300246389 /* ExchangeMyMoneyUITests */,
			);
		};
/* End PBXProject section */

/* Begin PBXResourcesBuildPhase section */
		AC5303FC23F304B700246389 /* Resources */ = {
			isa = PBXResourcesBuildPhase;
			buildActionMask = 2147483647;
			files = (
				AC53040E23F304C200246389 /* LaunchScreen.storyboard in Resources */,
				AC53040B23F304C200246389 /* Preview Assets.xcassets in Resources */,
				AC53040823F304C200246389 /* Assets.xcassets in Resources */,
			);
			runOnlyForDeploymentPostprocessing = 0;
		};
		AC53041223F304C300246389 /* Resources */ = {
			isa = PBXResourcesBuildPhase;
			buildActionMask = 2147483647;
			files = (
			);
			runOnlyForDeploymentPostprocessing = 0;
		};
		AC53041D23F304C300246389 /* Resources */ = {
			isa = PBXResourcesBuildPhase;
			buildActionMask = 2147483647;
			files = (
			);
			runOnlyForDeploymentPostprocessing = 0;
		};
/* End PBXResourcesBuildPhase section */

/* Begin PBXShellScriptBuildPhase section */
		AC4CDFE82423623E00B77F6B /* ShellScript */ = {
			isa = PBXShellScriptBuildPhase;
			buildActionMask = 2147483647;
			files = (
			);
			inputFileListPaths = (
			);
			inputPaths = (
			);
			outputFileListPaths = (
			);
			outputPaths = (
			);
			runOnlyForDeploymentPostprocessing = 0;
			shellPath = /bin/sh;
			shellScript = "cd $SRCROOT/../../SharedModule/build/xcode-frameworks\n./gradlew :SharedModule:packForXCode -PXCODE_CONFIGURATION=${CONFIGURATION}\n";
		};
/* End PBXShellScriptBuildPhase section */

/* Begin PBXSourcesBuildPhase section */
		AC5303FA23F304B700246389 /* Sources */ = {
			isa = PBXSourcesBuildPhase;
			buildActionMask = 2147483647;
			files = (
				AC487F8523F3C01D00450085 /* Utils.swift in Sources */,
				AC53040223F304B700246389 /* AppDelegate.swift in Sources */,
				AC487F8823F3C01D00450085 /* ContentViewModel.swift in Sources */,
				AC53040423F304B700246389 /* SceneDelegate.swift in Sources */,
				AC53040623F304B700246389 /* ContentView.swift in Sources */,
			);
			runOnlyForDeploymentPostprocessing = 0;
		};
		AC53041023F304C300246389 /* Sources */ = {
			isa = PBXSourcesBuildPhase;
			buildActionMask = 2147483647;
			files = (
				AC53041923F304C300246389 /* ExchangeMyMoneyTests.swift in Sources */,
			);
			runOnlyForDeploymentPostprocessing = 0;
		};
		AC53041B23F304C300246389 /* Sources */ = {
			isa = PBXSourcesBuildPhase;
			buildActionMask = 2147483647;
			files = (
				AC53042423F304C300246389 /* ExchangeMyMoneyUITests.swift in Sources */,
			);
			runOnlyForDeploymentPostprocessing = 0;
		};
/* End PBXSourcesBuildPhase section */

/* Begin PBXTargetDependency section */
		AC53041623F304C300246389 /* PBXTargetDependency */ = {
			isa = PBXTargetDependency;
			target = AC5303FD23F304B700246389 /* ExchangeMyMoney */;
			targetProxy = AC53041523F304C300246389 /* PBXContainerItemProxy */;
		};
		AC53042123F304C300246389 /* PBXTargetDependency */ = {
			isa = PBXTargetDependency;
			target = AC5303FD23F304B700246389 /* ExchangeMyMoney */;
			targetProxy = AC53042023F304C300246389 /* PBXContainerItemProxy */;
		};
/* End PBXTargetDependency section */

/* Begin PBXVariantGroup section */
		AC53040C23F304C200246389 /* LaunchScreen.storyboard */ = {
			isa = PBXVariantGroup;
			children = (
				AC53040D23F304C200246389 /* Base */,
			);
			name = LaunchScreen.storyboard;
			sourceTree = "<group>";
		};
/* End PBXVariantGroup section */

/* Begin XCBuildConfiguration section */
		AC53042623F304C300246389 /* Debug */ = {
			isa = XCBuildConfiguration;
			buildSettings = {
				ALWAYS_SEARCH_USER_PATHS = NO;
				CLANG_ANALYZER_NONNULL = YES;
				CLANG_ANALYZER_NUMBER_OBJECT_CONVERSION = YES_AGGRESSIVE;
				CLANG_CXX_LANGUAGE_STANDARD = "gnu++14";
				CLANG_CXX_LIBRARY = "libc++";
				CLANG_ENABLE_MODULES = YES;
				CLANG_ENABLE_OBJC_ARC = YES;
				CLANG_ENABLE_OBJC_WEAK = YES;
				CLANG_WARN_BLOCK_CAPTURE_AUTORELEASING = YES;
				CLANG_WARN_BOOL_CONVERSION = YES;
				CLANG_WARN_COMMA = YES;
				CLANG_WARN_CONSTANT_CONVERSION = YES;
				CLANG_WARN_DEPRECATED_OBJC_IMPLEMENTATIONS = YES;
				CLANG_WARN_DIRECT_OBJC_ISA_USAGE = YES_ERROR;
				CLANG_WARN_DOCUMENTATION_COMMENTS = YES;
				CLANG_WARN_EMPTY_BODY = YES;
				CLANG_WARN_ENUM_CONVERSION = YES;
				CLANG_WARN_INFINITE_RECURSION = YES;
				CLANG_WARN_INT_CONVERSION = YES;
				CLANG_WARN_NON_LITERAL_NULL_CONVERSION = YES;
				CLANG_WARN_OBJC_IMPLICIT_RETAIN_SELF = YES;
				CLANG_WARN_OBJC_LITERAL_CONVERSION = YES;
				CLANG_WARN_OBJC_ROOT_CLASS = YES_ERROR;
				CLANG_WARN_RANGE_LOOP_ANALYSIS = YES;
				CLANG_WARN_STRICT_PROTOTYPES = YES;
				CLANG_WARN_SUSPICIOUS_MOVE = YES;
				CLANG_WARN_UNGUARDED_AVAILABILITY = YES_AGGRESSIVE;
				CLANG_WARN_UNREACHABLE_CODE = YES;
				CLANG_WARN__DUPLICATE_METHOD_MATCH = YES;
				COPY_PHASE_STRIP = NO;
				DEBUG_INFORMATION_FORMAT = dwarf;
				ENABLE_STRICT_OBJC_MSGSEND = YES;
				ENABLE_TESTABILITY = YES;
				GCC_C_LANGUAGE_STANDARD = gnu11;
				GCC_DYNAMIC_NO_PIC = NO;
				GCC_NO_COMMON_BLOCKS = YES;
				GCC_OPTIMIZATION_LEVEL = 0;
				GCC_PREPROCESSOR_DEFINITIONS = (
					"DEBUG=1",
					"$(inherited)",
				);
				GCC_WARN_64_TO_32_BIT_CONVERSION = YES;
				GCC_WARN_ABOUT_RETURN_TYPE = YES_ERROR;
				GCC_WARN_UNDECLARED_SELECTOR = YES;
				GCC_WARN_UNINITIALIZED_AUTOS = YES_AGGRESSIVE;
				GCC_WARN_UNUSED_FUNCTION = YES;
				GCC_WARN_UNUSED_VARIABLE = YES;
				IPHONEOS_DEPLOYMENT_TARGET = 13.2;
				MTL_ENABLE_DEBUG_INFO = INCLUDE_SOURCE;
				MTL_FAST_MATH = YES;
				ONLY_ACTIVE_ARCH = YES;
				SDKROOT = iphoneos;
				SWIFT_ACTIVE_COMPILATION_CONDITIONS = DEBUG;
				SWIFT_OPTIMIZATION_LEVEL = "-Onone";
			};
			name = Debug;
		};
		AC53042723F304C300246389 /* Release */ = {
			isa = XCBuildConfiguration;
			buildSettings = {
				ALWAYS_SEARCH_USER_PATHS = NO;
				CLANG_ANALYZER_NONNULL = YES;
				CLANG_ANALYZER_NUMBER_OBJECT_CONVERSION = YES_AGGRESSIVE;
				CLANG_CXX_LANGUAGE_STANDARD = "gnu++14";
				CLANG_CXX_LIBRARY = "libc++";
				CLANG_ENABLE_MODULES = YES;
				CLANG_ENABLE_OBJC_ARC = YES;
				CLANG_ENABLE_OBJC_WEAK = YES;
				CLANG_WARN_BLOCK_CAPTURE_AUTORELEASING = YES;
				CLANG_WARN_BOOL_CONVERSION = YES;
				CLANG_WARN_COMMA = YES;
				CLANG_WARN_CONSTANT_CONVERSION = YES;
				CLANG_WARN_DEPRECATED_OBJC_IMPLEMENTATIONS = YES;
				CLANG_WARN_DIRECT_OBJC_ISA_USAGE = YES_ERROR;
				CLANG_WARN_DOCUMENTATION_COMMENTS = YES;
				CLANG_WARN_EMPTY_BODY = YES;
				CLANG_WARN_ENUM_CONVERSION = YES;
				CLANG_WARN_INFINITE_RECURSION = YES;
				CLANG_WARN_INT_CONVERSION = YES;
				CLANG_WARN_NON_LITERAL_NULL_CONVERSION = YES;
				CLANG_WARN_OBJC_IMPLICIT_RETAIN_SELF = YES;
				CLANG_WARN_OBJC_LITERAL_CONVERSION = YES;
				CLANG_WARN_OBJC_ROOT_CLASS = YES_ERROR;
				CLANG_WARN_RANGE_LOOP_ANALYSIS = YES;
				CLANG_WARN_STRICT_PROTOTYPES = YES;
				CLANG_WARN_SUSPICIOUS_MOVE = YES;
				CLANG_WARN_UNGUARDED_AVAILABILITY = YES_AGGRESSIVE;
				CLANG_WARN_UNREACHABLE_CODE = YES;
				CLANG_WARN__DUPLICATE_METHOD_MATCH = YES;
				COPY_PHASE_STRIP = NO;
				DEBUG_INFORMATION_FORMAT = "dwarf-with-dsym";
				ENABLE_NS_ASSERTIONS = NO;
				ENABLE_STRICT_OBJC_MSGSEND = YES;
				GCC_C_LANGUAGE_STANDARD = gnu11;
				GCC_NO_COMMON_BLOCKS = YES;
				GCC_WARN_64_TO_32_BIT_CONVERSION = YES;
				GCC_WARN_ABOUT_RETURN_TYPE = YES_ERROR;
				GCC_WARN_UNDECLARED_SELECTOR = YES;
				GCC_WARN_UNINITIALIZED_AUTOS = YES_AGGRESSIVE;
				GCC_WARN_UNUSED_FUNCTION = YES;
				GCC_WARN_UNUSED_VARIABLE = YES;
				IPHONEOS_DEPLOYMENT_TARGET = 13.2;
				MTL_ENABLE_DEBUG_INFO = NO;
				MTL_FAST_MATH = YES;
				SDKROOT = iphoneos;
				SWIFT_COMPILATION_MODE = wholemodule;
				SWIFT_OPTIMIZATION_LEVEL = "-O";
				VALIDATE_PRODUCT = YES;
			};
			name = Release;
		};
		AC53042923F304C300246389 /* Debug */ = {
			isa = XCBuildConfiguration;
			buildSettings = {
				ASSETCATALOG_COMPILER_APPICON_NAME = AppIcon;
				CODE_SIGN_IDENTITY = "iPhone Developer";
				CODE_SIGN_STYLE = Manual;
				DEVELOPMENT_ASSET_PATHS = "\"ExchangeMyMoney/Preview Content\"";
				DEVELOPMENT_TEAM = KJSUL68A86;
				ENABLE_PREVIEWS = YES;
				FRAMEWORK_SEARCH_PATHS = (
					"$(inherited)",
					"$(PROJECT_DIR)/ExchangeMyMoney/**",
					"\"$(SRCROOT)/ExchangeMyMoney\"/**",
					"$(PROJECT_DIR)/ExchangeMyMoney",
					"\"$(SRCROOT)/../../SharedModule/build/xcode-frameworks\"/**",
				);
				INFOPLIST_FILE = ExchangeMyMoney/Info.plist;
				LD_RUNPATH_SEARCH_PATHS = (
					"$(inherited)",
					"@executable_path/Frameworks",
				);
				PRODUCT_BUNDLE_IDENTIFIER = com.arieperetz.ExchangeMyMoney;
				PRODUCT_NAME = "$(TARGET_NAME)";
				PROVISIONING_PROFILE_SPECIFIER = "Exchange My Money Development";
				SWIFT_VERSION = 5.0;
				TARGETED_DEVICE_FAMILY = "1,2";
			};
			name = Debug;
		};
		AC53042A23F304C300246389 /* Release */ = {
			isa = XCBuildConfiguration;
			buildSettings = {
				ASSETCATALOG_COMPILER_APPICON_NAME = AppIcon;
				CODE_SIGN_IDENTITY = "iPhone Distribution";
				CODE_SIGN_STYLE = Manual;
				DEVELOPMENT_ASSET_PATHS = "\"ExchangeMyMoney/Preview Content\"";
				DEVELOPMENT_TEAM = KJSUL68A86;
				ENABLE_PREVIEWS = YES;
				FRAMEWORK_SEARCH_PATHS = (
					"$(inherited)",
					"$(PROJECT_DIR)/ExchangeMyMoney/**",
					"\"$(SRCROOT)/ExchangeMyMoney\"/**",
					"$(PROJECT_DIR)/ExchangeMyMoney",
					"\"$(SRCROOT)/../../SharedModule/build/xcode-frameworks\"/**",
				);
				INFOPLIST_FILE = ExchangeMyMoney/Info.plist;
				LD_RUNPATH_SEARCH_PATHS = (
					"$(inherited)",
					"@executable_path/Frameworks",
				);
				PRODUCT_BUNDLE_IDENTIFIER = com.arieperetz.ExchangeMyMoney;
				PRODUCT_NAME = "$(TARGET_NAME)";
				PROVISIONING_PROFILE_SPECIFIER = "Exchange My Money Distribution";
				SWIFT_VERSION = 5.0;
				TARGETED_DEVICE_FAMILY = "1,2";
			};
			name = Release;
		};
		AC53042C23F304C300246389 /* Debug */ = {
			isa = XCBuildConfiguration;
			buildSettings = {
				ALWAYS_EMBED_SWIFT_STANDARD_LIBRARIES = YES;
				BUNDLE_LOADER = "$(TEST_HOST)";
				CODE_SIGN_STYLE = Automatic;
				DEVELOPMENT_TEAM = KJSUL68A86;
				INFOPLIST_FILE = ExchangeMyMoneyTests/Info.plist;
				IPHONEOS_DEPLOYMENT_TARGET = 13.2;
				LD_RUNPATH_SEARCH_PATHS = (
					"$(inherited)",
					"@executable_path/Frameworks",
					"@loader_path/Frameworks",
				);
				PRODUCT_BUNDLE_IDENTIFIER = com.arieperetz.ExchangeMyMoneyTests;
				PRODUCT_NAME = "$(TARGET_NAME)";
				SWIFT_VERSION = 5.0;
				TARGETED_DEVICE_FAMILY = "1,2";
				TEST_HOST = "$(BUILT_PRODUCTS_DIR)/ExchangeMyMoney.app/ExchangeMyMoney";
			};
			name = Debug;
		};
		AC53042D23F304C300246389 /* Release */ = {
			isa = XCBuildConfiguration;
			buildSettings = {
				ALWAYS_EMBED_SWIFT_STANDARD_LIBRARIES = YES;
				BUNDLE_LOADER = "$(TEST_HOST)";
				CODE_SIGN_STYLE = Automatic;
				DEVELOPMENT_TEAM = KJSUL68A86;
				INFOPLIST_FILE = ExchangeMyMoneyTests/Info.plist;
				IPHONEOS_DEPLOYMENT_TARGET = 13.2;
				LD_RUNPATH_SEARCH_PATHS = (
					"$(inherited)",
					"@executable_path/Frameworks",
					"@loader_path/Frameworks",
				);
				PRODUCT_BUNDLE_IDENTIFIER = com.arieperetz.ExchangeMyMoneyTests;
				PRODUCT_NAME = "$(TARGET_NAME)";
				SWIFT_VERSION = 5.0;
				TARGETED_DEVICE_FAMILY = "1,2";
				TEST_HOST = "$(BUILT_PRODUCTS_DIR)/ExchangeMyMoney.app/ExchangeMyMoney";
			};
			name = Release;
		};
		AC53042F23F304C300246389 /* Debug */ = {
			isa = XCBuildConfiguration;
			buildSettings = {
				ALWAYS_EMBED_SWIFT_STANDARD_LIBRARIES = YES;
				CODE_SIGN_STYLE = Automatic;
				DEVELOPMENT_TEAM = KJSUL68A86;
				INFOPLIST_FILE = ExchangeMyMoneyUITests/Info.plist;
				LD_RUNPATH_SEARCH_PATHS = (
					"$(inherited)",
					"@executable_path/Frameworks",
					"@loader_path/Frameworks",
				);
				PRODUCT_BUNDLE_IDENTIFIER = com.arieperetz.ExchangeMyMoneyUITests;
				PRODUCT_NAME = "$(TARGET_NAME)";
				SWIFT_VERSION = 5.0;
				TARGETED_DEVICE_FAMILY = "1,2";
				TEST_TARGET_NAME = ExchangeMyMoney;
			};
			name = Debug;
		};
		AC53043023F304C300246389 /* Release */ = {
			isa = XCBuildConfiguration;
			buildSettings = {
				ALWAYS_EMBED_SWIFT_STANDARD_LIBRARIES = YES;
				CODE_SIGN_STYLE = Automatic;
				DEVELOPMENT_TEAM = KJSUL68A86;
				INFOPLIST_FILE = ExchangeMyMoneyUITests/Info.plist;
				LD_RUNPATH_SEARCH_PATHS = (
					"$(inherited)",
					"@executable_path/Frameworks",
					"@loader_path/Frameworks",
				);
				PRODUCT_BUNDLE_IDENTIFIER = com.arieperetz.ExchangeMyMoneyUITests;
				PRODUCT_NAME = "$(TARGET_NAME)";
				SWIFT_VERSION = 5.0;
				TARGETED_DEVICE_FAMILY = "1,2";
				TEST_TARGET_NAME = ExchangeMyMoney;
			};
			name = Release;
		};
/* End XCBuildConfiguration section */

/* Begin XCConfigurationList section */
		AC5303F923F304B700246389 /* Build configuration list for PBXProject "ExchangeMyMoney" */ = {
			isa = XCConfigurationList;
			buildConfigurations = (
				AC53042623F304C300246389 /* Debug */,
				AC53042723F304C300246389 /* Release */,
			);
			defaultConfigurationIsVisible = 0;
			defaultConfigurationName = Release;
		};
		AC53042823F304C300246389 /* Build configuration list for PBXNativeTarget "ExchangeMyMoney" */ = {
			isa = XCConfigurationList;
			buildConfigurations = (
				AC53042923F304C300246389 /* Debug */,
				AC53042A23F304C300246389 /* Release */,
			);
			defaultConfigurationIsVisible = 0;
			defaultConfigurationName = Release;
		};
		AC53042B23F304C300246389 /* Build configuration list for PBXNativeTarget "ExchangeMyMoneyTests" */ = {
			isa = XCConfigurationList;
			buildConfigurations = (
				AC53042C23F304C300246389 /* Debug */,
				AC53042D23F304C300246389 /* Release */,
			);
			defaultConfigurationIsVisible = 0;
			defaultConfigurationName = Release;
		};
		AC53042E23F304C300246389 /* Build configuration list for PBXNativeTarget "ExchangeMyMoneyUITests" */ = {
			isa = XCConfigurationList;
			buildConfigurations = (
				AC53042F23F304C300246389 /* Debug */,
				AC53043023F304C300246389 /* Release */,
			);
			defaultConfigurationIsVisible = 0;
			defaultConfigurationName = Release;
		};
/* End XCConfigurationList section */
	};
	rootObject = AC5303F623F304B600246389 /* Project object */;
}
